
Microsoft Visual Studio Solution File, Format Version 12.00
# Visual Studio Version 17
VisualStudioVersion = 17.5.33414.496
MinimumVisualStudioVersion = 10.0.40219.1
Project("{FAE04EC0-301F-11D3-BF4B-00C04F79EFBC}") = "DESIGNER", "DESIGNER\DESIGNER.csproj", "{5DF81807-B9E6-4F18-B637-CBB6C1A45595}"
EndProject
Project("{FAE04EC0-301F-11D3-BF4B-00C04F79EFBC}") = "BOL", "BOL\BOL.csproj", "{B1E2FC5A-5405-4436-9FB5-96A6BDCBD068}"
EndProject
Project("{FAE04EC0-301F-11D3-BF4B-00C04F79EFBC}") = "DAL", "DAL\DAL.csproj", "{45E93479-464C-4628-B44C-4074C7CC312A}"
EndProject
Global
	GlobalSection(SolutionConfigurationPlatforms) = preSolution
		Debug|Any CPU = Debug|Any CPU
		Release|Any CPU = Release|Any CPU
	EndGlobalSection
	GlobalSection(ProjectConfigurationPlatforms) = postSolution
		{5DF81807-B9E6-4F18-B637-CBB6C1A45595}.Debug|Any CPU.ActiveCfg = Debug|Any CPU
		{5DF81807-B9E6-4F18-B637-CBB6C1A45595}.Debug|Any CPU.Build.0 = Debug|Any CPU
		{5DF81807-B9E6-4F18-B637-CBB6C1A45595}.Release|Any CPU.ActiveCfg = Release|Any CPU
		{5DF81807-B9E6-4F18-B637-CBB6C1A45595}.Release|Any CPU.Build.0 = Release|Any CPU
		{B1E2FC5A-5405-4436-9FB5-96A6BDCBD068}.Debug|Any CPU.ActiveCfg = Debug|Any CPU
		{B1E2FC5A-5405-4436-9FB5-96A6BDCBD068}.Debug|Any CPU.Build.0 = Debug|Any CPU
		{B1E2FC5A-5405-4436-9FB5-96A6BDCBD068}.Release|Any CPU.ActiveCfg = Release|Any CPU
		{B1E2FC5A-5405-4436-9FB5-96A6BDCBD068}.Release|Any CPU.Build.0 = Release|Any CPU
		{45E93479-464C-4628-B44C-4074C7CC312A}.Debug|Any CPU.ActiveCfg = Debug|Any CPU
		{45E93479-464C-4628-B44C-4074C7CC312A}.Debug|Any CPU.Build.0 = Debug|Any CPU
		{45E93479-464C-4628-B44C-4074C7CC312A}.Release|Any CPU.ActiveCfg = Release|Any CPU
		{45E93479-464C-4628-B44C-4074C7CC312A}.Release|Any CPU.Build.0 = Release|Any CPU
	EndGlobalSection
	GlobalSection(SolutionProperties) = preSolution
		HideSolutionNode = FALSE
	EndGlobalSection
	GlobalSection(ExtensibilityGlobals) = postSolution
		SolutionGuid = {719CB2CF-3928-4BFF-827C-4AC226A887B6}
	EndGlobalSection
EndGlobal
